
Microsoft Visual Studio Solution File, Format Version 12.00
# Visual Studio Version 16
VisualStudioVersion = 16.0.30611.23
MinimumVisualStudioVersion = 10.0.40219.1
Project("{FAE04EC0-301F-11D3-BF4B-00C04F79EFBC}") = "SPDemo", "SPDemo\SPDemo.csproj", "{F6958D70-F0AC-4CAA-A29B-6A1B358B57E5}"
EndProject
Global
	GlobalSection(SolutionConfigurationPlatforms) = preSolution
		Debug|Any CPU = Debug|Any CPU
		Release|Any CPU = Release|Any CPU
	EndGlobalSection
	GlobalSection(ProjectConfigurationPlatforms) = postSolution
		{F6958D70-F0AC-4CAA-A29B-6A1B358B57E5}.Debug|Any CPU.ActiveCfg = Debug|Any CPU
		{F6958D70-F0AC-4CAA-A29B-6A1B358B57E5}.Debug|Any CPU.Build.0 = Debug|Any CPU
		{F6958D70-F0AC-4CAA-A29B-6A1B358B57E5}.Release|Any CPU.ActiveCfg = Release|Any CPU
		{F6958D70-F0AC-4CAA-A29B-6A1B358B57E5}.Release|Any CPU.Build.0 = Release|Any CPU
	EndGlobalSection
	GlobalSection(SolutionProperties) = preSolution
		HideSolutionNode = FALSE
	EndGlobalSection
	GlobalSection(ExtensibilityGlobals) = postSolution
		SolutionGuid = {580819E4-764F-4AA1-A583-29983EBAE738}
	EndGlobalSection
EndGlobal
